{
  "requires": true,
  "lockfileVersion": 1,
  "dependencies": {
    "@angular/animations": {
      "version": "8.0.1",
      "resolved": "https://registry.npmjs.org/@angular/animations/-/animations-8.0.1.tgz",
      "integrity": "sha512-m4shu+wkVquFSKMmTA2Do+e8FhYnxcAiQdW1UtM9Ue1j4yKxUFgHNYauaG8pmzEzheeQqxGlA/cVcEi5XnRebw==",
      "requires": {
        "tslib": "1.10.0"
      }
    },
    "bootstrap": {
      "version": "4.3.1",
      "resolved": "https://registry.npmjs.org/bootstrap/-/bootstrap-4.3.1.tgz",
      "integrity": "sha512-rXqOmH1VilAt2DyPzluTi2blhk17bO7ef+zLLPlWvG494pDxcM234pJ8wTc/6R40UWizAIIMgxjvxZg5kmsbag=="
    },
    "ng-connection-service": {
      "version": "1.0.4",
      "resolved": "https://registry.npmjs.org/ng-connection-service/-/ng-connection-service-1.0.4.tgz",
      "integrity": "sha512-WrZfK+hUzrJS77ItxXI08rUN6Av77W3+LsaJEPufyo2wRe7Tn8xG18FHHEbbgqKkJeDT/yGJBH2xOaT+1jb22g==",
      "requires": {
        "tslib": "1.10.0"
      }
    },
    "ngx-bootstrap": {
      "version": "4.3.0",
      "resolved": "https://registry.npmjs.org/ngx-bootstrap/-/ngx-bootstrap-4.3.0.tgz",
      "integrity": "sha512-ZPS6V2yLEeqB/7KIlVohS8qUdtFa1bgUB/sSPWRcXqOWU3EKhORetZoXG6m2F5ILYDe5hwQvBEjdHPlEz2piOg=="
    },
    "tslib": {
      "version": "1.10.0",
      "resolved": "https://registry.npmjs.org/tslib/-/tslib-1.10.0.tgz",
      "integrity": "sha512-qOebF53frne81cf0S9B41ByenJ3/IuH8yJKngAX35CmiZySA0khhkovshKK+jGCaMnVomla7gVlIcc3EvKPbTQ=="
    }
  }
}
